Microsoft Visual Studio Solution File, Format Version 12.00
# Visual Studio Version 17
VisualStudioVersion = 17.9.34622.214
MinimumVisualStudioVersion = 16.0.0.0
Project("{9A19103F-16F7-4668-BE54-9A1E7A4F7556}") = "MyGame3.Windows", "MyGame3.Windows\MyGame3.Windows.csproj", "{9AD65C97-0C9D-48CD-B716-85EB14240A6B}"
EndProject
Project("{9A19103F-16F7-4668-BE54-9A1E7A4F7556}") = "MyGame3", "MyGame3\MyGame3.csproj", "{A7122DDC-92B1-4253-B39A-2EF49CF04B89}"
EndProject
Global
	GlobalSection(SolutionConfigurationPlatforms) = preSolution
		Debug|Any CPU = Debug|Any CPU
		Release|Any CPU = Release|Any CPU
	EndGlobalSection
	GlobalSection(ProjectConfigurationPlatforms) = postSolution
		{9AD65C97-0C9D-48CD-B716-85EB14240A6B}.Debug|Any CPU.ActiveCfg = Debug|Any CPU
		{9AD65C97-0C9D-48CD-B716-85EB14240A6B}.Debug|Any CPU.Build.0 = Debug|Any CPU
		{9AD65C97-0C9D-48CD-B716-85EB14240A6B}.Release|Any CPU.ActiveCfg = Release|Any CPU
		{9AD65C97-0C9D-48CD-B716-85EB14240A6B}.Release|Any CPU.Build.0 = Release|Any CPU
		{A7122DDC-92B1-4253-B39A-2EF49CF04B89}.Debug|Any CPU.ActiveCfg = Debug|Any CPU
		{A7122DDC-92B1-4253-B39A-2EF49CF04B89}.Debug|Any CPU.Build.0 = Debug|Any CPU
		{A7122DDC-92B1-4253-B39A-2EF49CF04B89}.Release|Any CPU.ActiveCfg = Release|Any CPU
		{A7122DDC-92B1-4253-B39A-2EF49CF04B89}.Release|Any CPU.Build.0 = Release|Any CPU
	EndGlobalSection
	GlobalSection(SolutionProperties) = preSolution
		HideSolutionNode = FALSE
	EndGlobalSection
EndGlobal
